// !$*UTF8*$!
{
	archiveVersion = 1;
	classes = {
	};
	objectVersion = 55;
	objects = {

/* Begin PBXBuildFile section */
		88525D56273B826200A49346 /* ExampleView.swift in Sources */ = {isa = PBXBuildFile; fileRef = 88525D55273B826200A49346 /* ExampleView.swift */; };
		88525D57273B826200A49346 /* ExampleView.swift in Sources */ = {isa = PBXBuildFile; fileRef = 88525D55273B826200A49346 /* ExampleView.swift */; };
		88525D59273CF7A200A49346 /* LabelView.swift in Sources */ = {isa = PBXBuildFile; fileRef = 88525D58273CF7A100A49346 /* LabelView.swift */; };
		88525D5A273CF7A200A49346 /* LabelView.swift in Sources */ = {isa = PBXBuildFile; fileRef = 88525D58273CF7A100A49346 /* LabelView.swift */; };
		DBD06349273B46690089AD4C /* Tests_iOS.swift in Sources */ = {isa = PBXBuildFile; fileRef = DBD06348273B46690089AD4C /* Tests_iOS.swift */; };
		DBD0634B273B46690089AD4C /* Tests_iOSLaunchTests.swift in Sources */ = {isa = PBXBuildFile; fileRef = DBD0634A273B46690089AD4C /* Tests_iOSLaunchTests.swift */; };
		DBD06355273B46690089AD4C /* Tests_macOS.swift in Sources */ = {isa = PBXBuildFile; fileRef = DBD06354273B46690089AD4C /* Tests_macOS.swift */; };
		DBD06357273B46690089AD4C /* Tests_macOSLaunchTests.swift in Sources */ = {isa = PBXBuildFile; fileRef = DBD06356273B46690089AD4C /* Tests_macOSLaunchTests.swift */; };
		DBD06358273B46690089AD4C /* Thinking_in_SwiftUIApp.swift in Sources */ = {isa = PBXBuildFile; fileRef = DBD06330273B46680089AD4C /* Thinking_in_SwiftUIApp.swift */; };
		DBD06359273B46690089AD4C /* Thinking_in_SwiftUIApp.swift in Sources */ = {isa = PBXBuildFile; fileRef = DBD06330273B46680089AD4C /* Thinking_in_SwiftUIApp.swift */; };
		DBD0635A273B46690089AD4C /* ContentView.swift in Sources */ = {isa = PBXBuildFile; fileRef = DBD06331273B46680089AD4C /* ContentView.swift */; };
		DBD0635B273B46690089AD4C /* ContentView.swift in Sources */ = {isa = PBXBuildFile; fileRef = DBD06331273B46680089AD4C /* ContentView.swift */; };
		DBD0635C273B46690089AD4C /* Assets.xcassets in Resources */ = {isa = PBXBuildFile; fileRef = DBD06332273B46690089AD4C /* Assets.xcassets */; };
		DBD0635D273B46690089AD4C /* Assets.xcassets in Resources */ = {isa = PBXBuildFile; fileRef = DBD06332273B46690089AD4C /* Assets.xcassets */; };
/* End PBXBuildFile section */

/* Begin PBXContainerItemProxy section */
		DBD06345273B46690089AD4C /* PBXContainerItemProxy */ = {
			isa = PBXContainerItemProxy;
			containerPortal = DBD0632B273B46680089AD4C /* Project object */;
			proxyType = 1;
			remoteGlobalIDString = DBD06336273B46690089AD4C;
			remoteInfo = "Thinking_in_SwiftUI (iOS)";
		};
		DBD06351273B46690089AD4C /* PBXContainerItemProxy */ = {
			isa = PBXContainerItemProxy;
			containerPortal = DBD0632B273B46680089AD4C /* Project object */;
			proxyType = 1;
			remoteGlobalIDString = DBD0633C273B46690089AD4C;
			remoteInfo = "Thinking_in_SwiftUI (macOS)";
		};
/* End PBXContainerItemProxy section */

/* Begin PBXFileReference section */
		88525D55273B826200A49346 /* ExampleView.swift */ = {isa = PBXFileReference; lastKnownFileType = sourcecode.swift; path = ExampleView.swift; sourceTree = "<group>"; };
		88525D58273CF7A100A49346 /* LabelView.swift */ = {isa = PBXFileReference; lastKnownFileType = sourcecode.swift; path = LabelView.swift; sourceTree = "<group>"; };
		DBD06330273B46680089AD4C /* Thinking_in_SwiftUIApp.swift */ = {isa = PBXFileReference; lastKnownFileType = sourcecode.swift; path = Thinking_in_SwiftUIApp.swift; sourceTree = "<group>"; };
		DBD06331273B46680089AD4C /* ContentView.swift */ = {isa = PBXFileReference; lastKnownFileType = sourcecode.swift; path = ContentView.swift; sourceTree = "<group>"; };
		DBD06332273B46690089AD4C /* Assets.xcassets */ = {isa = PBXFileReference; lastKnownFileType = folder.assetcatalog; path = Assets.xcassets; sourceTree = "<group>"; };
		DBD06337273B46690089AD4C /* Thinking_in_SwiftUI.app */ = {isa = PBXFileReference; explicitFileType = wrapper.application; includeInIndex = 0; path = Thinking_in_SwiftUI.app; sourceTree = BUILT_PRODUCTS_DIR; };
		DBD0633D273B46690089AD4C /* Thinking_in_SwiftUI.app */ = {isa = PBXFileReference; explicitFileType = wrapper.application; includeInIndex = 0; path = Thinking_in_SwiftUI.app; sourceTree = BUILT_PRODUCTS_DIR; };
		DBD0633F273B46690089AD4C /* macOS.entitlements */ = {isa = PBXFileReference; lastKnownFileType = text.plist.entitlements; path = macOS.entitlements; sourceTree = "<group>"; };
		DBD06344273B46690089AD4C /* Tests iOS.xctest */ = {isa = PBXFileReference; explicitFileType = wrapper.cfbundle; includeInIndex = 0; path = "Tests iOS.xctest"; sourceTree = BUILT_PRODUCTS_DIR; };
		DBD06348273B46690089AD4C /* Tests_iOS.swift */ = {isa = PBXFileReference; lastKnownFileType = sourcecode.swift; path = Tests_iOS.swift; sourceTree = "<group>"; };
		DBD0634A273B46690089AD4C /* Tests_iOSLaunchTests.swift */ = {isa = PBXFileReference; lastKnownFileType = sourcecode.swift; path = Tests_iOSLaunchTests.swift; sourceTree = "<group>"; };
		DBD06350273B46690089AD4C /* Tests macOS.xctest */ = {isa = PBXFileReference; explicitFileType = wrapper.cfbundle; includeInIndex = 0; path = "Tests macOS.xctest"; sourceTree = BUILT_PRODUCTS_DIR; };
		DBD06354273B46690089AD4C /* Tests_macOS.swift */ = {isa = PBXFileReference; lastKnownFileType = sourcecode.swift; path = Tests_macOS.swift; sourceTree = "<group>"; };
		DBD06356273B46690089AD4C /* Tests_macOSLaunchTests.swift */ = {isa = PBXFileReference; lastKnownFileType = sourcecode.swift; path = Tests_macOSLaunchTests.swift; sourceTree = "<group>"; };
/* End PBXFileReference section */

/* Begin PBXFrameworksBuildPhase section */
		DBD06334273B46690089AD4C /* Frameworks */ = {
			isa = PBXFrameworksBuildPhase;
			buildActionMask = 2147483647;
			files = (
			);
			runOnlyForDeploymentPostprocessing = 0;
		};
		DBD0633A273B46690089AD4C /* Frameworks */ = {
			isa = PBXFrameworksBuildPhase;
			buildActionMask = 2147483647;
			files = (
			);
			runOnlyForDeploymentPostprocessing = 0;
		};
		DBD06341273B46690089AD4C /* Frameworks */ = {
			isa = PBXFrameworksBuildPhase;
			buildActionMask = 2147483647;
			files = (
			);
			runOnlyForDeploymentPostprocessing = 0;
		};
		DBD0634D273B46690089AD4C /* Frameworks */ = {
			isa = PBXFrameworksBuildPhase;
			buildActionMask = 2147483647;
			files = (
			);
			runOnlyForDeploymentPostprocessing = 0;
		};
/* End PBXFrameworksBuildPhase section */

/* Begin PBXGroup section */
		DBD0632A273B46680089AD4C = {
			isa = PBXGroup;
			children = (
				DBD0632F273B46680089AD4C /* Shared */,
				DBD0633E273B46690089AD4C /* macOS */,
				DBD06347273B46690089AD4C /* Tests iOS */,
				DBD06353273B46690089AD4C /* Tests macOS */,
				DBD06338273B46690089AD4C /* Products */,
			);
			sourceTree = "<group>";
		};
		DBD0632F273B46680089AD4C /* Shared */ = {
			isa = PBXGroup;
			children = (
				DBD06330273B46680089AD4C /* Thinking_in_SwiftUIApp.swift */,
				DBD06331273B46680089AD4C /* ContentView.swift */,
				DBD06332273B46690089AD4C /* Assets.xcassets */,
				88525D55273B826200A49346 /* ExampleView.swift */,
				88525D58273CF7A100A49346 /* LabelView.swift */,
			);
			path = Shared;
			sourceTree = "<group>";
		};
		DBD06338273B46690089AD4C /* Products */ = {
			isa = PBXGroup;
			children = (
				DBD06337273B46690089AD4C /* Thinking_in_SwiftUI.app */,
				DBD0633D273B46690089AD4C /* Thinking_in_SwiftUI.app */,
				DBD06344273B46690089AD4C /* Tests iOS.xctest */,
				DBD06350273B46690089AD4C /* Tests macOS.xctest */,
			);
			name = Products;
			sourceTree = "<group>";
		};
		DBD0633E273B46690089AD4C /* macOS */ = {
			isa = PBXGroup;
			children = (
				DBD0633F273B46690089AD4C /* macOS.entitlements */,
			);
			path = macOS;
			sourceTree = "<group>";
		};
		DBD06347273B46690089AD4C /* Tests iOS */ = {
			isa = PBXGroup;
			children = (
				DBD06348273B46690089AD4C /* Tests_iOS.swift */,
				DBD0634A273B46690089AD4C /* Tests_iOSLaunchTests.swift */,
			);
			path = "Tests iOS";
			sourceTree = "<group>";
		};
		DBD06353273B46690089AD4C /* Tests macOS */ = {
			isa = PBXGroup;
			children = (
				DBD06354273B46690089AD4C /* Tests_macOS.swift */,
				DBD06356273B46690089AD4C /* Tests_macOSLaunchTests.swift */,
			);
			path = "Tests macOS";
			sourceTree = "<group>";
		};
/* End PBXGroup section */

/* Begin PBXNativeTarget section */
		DBD06336273B46690089AD4C /* Thinking_in_SwiftUI (iOS) */ = {
			isa = PBXNativeTarget;
			buildConfigurationList = DBD06360273B46690089AD4C /* Build configuration list for PBXNativeTarget "Thinking_in_SwiftUI (iOS)" */;
			buildPhases = (
				DBD06333273B46690089AD4C /* Sources */,
				DBD06334273B46690089AD4C /* Frameworks */,
				DBD06335273B46690089AD4C /* Resources */,
			);
			buildRules = (
			);
			dependencies = (
			);
			name = "Thinking_in_SwiftUI (iOS)";
			productName = "Thinking_in_SwiftUI (iOS)";
			productReference = DBD06337273B46690089AD4C /* Thinking_in_SwiftUI.app */;
			productType = "com.apple.product-type.application";
		};
		DBD0633C273B46690089AD4C /* Thinking_in_SwiftUI (macOS) */ = {
			isa = PBXNativeTarget;
			buildConfigurationList = DBD06363273B46690089AD4C /* Build configuration list for PBXNativeTarget "Thinking_in_SwiftUI (macOS)" */;
			buildPhases = (
				DBD06339273B46690089AD4C /* Sources */,
				DBD0633A273B46690089AD4C /* Frameworks */,
				DBD0633B273B46690089AD4C /* Resources */,
			);
			buildRules = (
			);
			dependencies = (
			);
			name = "Thinking_in_SwiftUI (macOS)";
			productName = "Thinking_in_SwiftUI (macOS)";
			productReference = DBD0633D273B46690089AD4C /* Thinking_in_SwiftUI.app */;
			productType = "com.apple.product-type.application";
		};
		DBD06343273B46690089AD4C /* Tests iOS */ = {
			isa = PBXNativeTarget;
			buildConfigurationList = DBD06366273B46690089AD4C /* Build configuration list for PBXNativeTarget "Tests iOS" */;
			buildPhases = (
				DBD06340273B46690089AD4C /* Sources */,
				DBD06341273B46690089AD4C /* Frameworks */,
				DBD06342273B46690089AD4C /* Resources */,
			);
			buildRules = (
			);
			dependencies = (
				DBD06346273B46690089AD4C /* PBXTargetDependency */,
			);
			name = "Tests iOS";
			productName = "Tests iOS";
			productReference = DBD06344273B46690089AD4C /* Tests iOS.xctest */;
			productType = "com.apple.product-type.bundle.ui-testing";
		};
		DBD0634F273B46690089AD4C /* Tests macOS */ = {
			isa = PBXNativeTarget;
			buildConfigurationList = DBD06369273B46690089AD4C /* Build configuration list for PBXNativeTarget "Tests macOS" */;
			buildPhases = (
				DBD0634C273B46690089AD4C /* Sources */,
				DBD0634D273B46690089AD4C /* Frameworks */,
				DBD0634E273B46690089AD4C /* Resources */,
			);
			buildRules = (
			);
			dependencies = (
				DBD06352273B46690089AD4C /* PBXTargetDependency */,
			);
			name = "Tests macOS";
			productName = "Tests macOS";
			productReference = DBD06350273B46690089AD4C /* Tests macOS.xctest */;
			productType = "com.apple.product-type.bundle.ui-testing";
		};
/* End PBXNativeTarget section */

/* Begin PBXProject section */
		DBD0632B273B46680089AD4C /* Project object */ = {
			isa = PBXProject;
			attributes = {
				BuildIndependentTargetsInParallel = 1;
				LastSwiftUpdateCheck = 1320;
				LastUpgradeCheck = 1320;
				TargetAttributes = {
					DBD06336273B46690089AD4C = {
						CreatedOnToolsVersion = 13.2;
					};
					DBD0633C273B46690089AD4C = {
						CreatedOnToolsVersion = 13.2;
					};
					DBD06343273B46690089AD4C = {
						CreatedOnToolsVersion = 13.2;
						TestTargetID = DBD06336273B46690089AD4C;
					};
					DBD0634F273B46690089AD4C = {
						CreatedOnToolsVersion = 13.2;
						TestTargetID = DBD0633C273B46690089AD4C;
					};
				};
			};
			buildConfigurationList = DBD0632E273B46680089AD4C /* Build configuration list for PBXProject "Thinking_in_SwiftUI" */;
			compatibilityVersion = "Xcode 13.0";
			developmentRegion = en;
			hasScannedForEncodings = 0;
			knownRegions = (
				en,
				Base,
			);
			mainGroup = DBD0632A273B46680089AD4C;
			productRefGroup = DBD06338273B46690089AD4C /* Products */;
			projectDirPath = "";
			projectRoot = "";
			targets = (
				DBD06336273B46690089AD4C /* Thinking_in_SwiftUI (iOS) */,
				DBD0633C273B46690089AD4C /* Thinking_in_SwiftUI (macOS) */,
				DBD06343273B46690089AD4C /* Tests iOS */,
				DBD0634F273B46690089AD4C /* Tests macOS */,
			);
		};
/* End PBXProject section */

/* Begin PBXResourcesBuildPhase section */
		DBD06335273B46690089AD4C /* Resources */ = {
			isa = PBXResourcesBuildPhase;
			buildActionMask = 2147483647;
			files = (
				DBD0635C273B46690089AD4C /* Assets.xcassets in Resources */,
			);
			runOnlyForDeploymentPostprocessing = 0;
		};
		DBD0633B273B46690089AD4C /* Resources */ = {
			isa = PBXResourcesBuildPhase;
			buildActionMask = 2147483647;
			files = (
				DBD0635D273B46690089AD4C /* Assets.xcassets in Resources */,
			);
			runOnlyForDeploymentPostprocessing = 0;
		};
		DBD06342273B46690089AD4C /* Resources */ = {
			isa = PBXResourcesBuildPhase;
			buildActionMask = 2147483647;
			files = (
			);
			runOnlyForDeploymentPostprocessing = 0;
		};
		DBD0634E273B46690089AD4C /* Resources */ = {
			isa = PBXResourcesBuildPhase;
			buildActionMask = 2147483647;
			files = (
			);
			runOnlyForDeploymentPostprocessing = 0;
		};
/* End PBXResourcesBuildPhase section */

/* Begin PBXSourcesBuildPhase section */
		DBD06333273B46690089AD4C /* Sources */ = {
			isa = PBXSourcesBuildPhase;
			buildActionMask = 2147483647;
			files = (
				DBD0635A273B46690089AD4C /* ContentView.swift in Sources */,
				88525D59273CF7A200A49346 /* LabelView.swift in Sources */,
				DBD06358273B46690089AD4C /* Thinking_in_SwiftUIApp.swift in Sources */,
				88525D56273B826200A49346 /* ExampleView.swift in Sources */,
			);
			runOnlyForDeploymentPostprocessing = 0;
		};
		DBD06339273B46690089AD4C /* Sources */ = {
			isa = PBXSourcesBuildPhase;
			buildActionMask = 2147483647;
			files = (
				DBD0635B273B46690089AD4C /* ContentView.swift in Sources */,
				88525D5A273CF7A200A49346 /* LabelView.swift in Sources */,
				DBD06359273B46690089AD4C /* Thinking_in_SwiftUIApp.swift in Sources */,
				88525D57273B826200A49346 /* ExampleView.swift in Sources */,
			);
			runOnlyForDeploymentPostprocessing = 0;
		};
		DBD06340273B46690089AD4C /* Sources */ = {
			isa = PBXSourcesBuildPhase;
			buildActionMask = 2147483647;
			files = (
				DBD0634B273B46690089AD4C /* Tests_iOSLaunchTests.swift in Sources */,
				DBD06349273B46690089AD4C /* Tests_iOS.swift in Sources */,
			);
			runOnlyForDeploymentPostprocessing = 0;
		};
		DBD0634C273B46690089AD4C /* Sources */ = {
			isa = PBXSourcesBuildPhase;
			buildActionMask = 2147483647;
			files = (
				DBD06357273B46690089AD4C /* Tests_macOSLaunchTests.swift in Sources */,
				DBD06355273B46690089AD4C /* Tests_macOS.swift in Sources */,
			);
			runOnlyForDeploymentPostprocessing = 0;
		};
/* End PBXSourcesBuildPhase section */

/* Begin PBXTargetDependency section */
		DBD06346273B46690089AD4C /* PBXTargetDependency */ = {
			isa = PBXTargetDependency;
			target = DBD06336273B46690089AD4C /* Thinking_in_SwiftUI (iOS) */;
			targetProxy = DBD06345273B46690089AD4C /* PBXContainerItemProxy */;
		};
		DBD06352273B46690089AD4C /* PBXTargetDependency */ = {
			isa = PBXTargetDependency;
			target = DBD0633C273B46690089AD4C /* Thinking_in_SwiftUI (macOS) */;
			targetProxy = DBD06351273B46690089AD4C /* PBXContainerItemProxy */;
		};
/* End PBXTargetDependency section */

/* Begin XCBuildConfiguration section */
		DBD0635E273B46690089AD4C /* Debug */ = {
			isa = XCBuildConfiguration;
			buildSettings = {
				ALWAYS_SEARCH_USER_PATHS = NO;
				CLANG_ANALYZER_NONNULL = YES;
				CLANG_ANALYZER_NUMBER_OBJECT_CONVERSION = YES_AGGRESSIVE;
				CLANG_CXX_LANGUAGE_STANDARD = "gnu++17";
				CLANG_CXX_LIBRARY = "libc++";
				CLANG_ENABLE_MODULES = YES;
				CLANG_ENABLE_OBJC_ARC = YES;
				CLANG_ENABLE_OBJC_WEAK = YES;
				CLANG_WARN_BLOCK_CAPTURE_AUTORELEASING = YES;
				CLANG_WARN_BOOL_CONVERSION = YES;
				CLANG_WARN_COMMA = YES;
				CLANG_WARN_CONSTANT_CONVERSION = YES;
				CLANG_WARN_DEPRECATED_OBJC_IMPLEMENTATIONS = YES;
				CLANG_WARN_DIRECT_OBJC_ISA_USAGE = YES_ERROR;
				CLANG_WARN_DOCUMENTATION_COMMENTS = YES;
				CLANG_WARN_EMPTY_BODY = YES;
				CLANG_WARN_ENUM_CONVERSION = YES;
				CLANG_WARN_INFINITE_RECURSION = YES;
				CLANG_WARN_INT_CONVERSION = YES;
				CLANG_WARN_NON_LITERAL_NULL_CONVERSION = YES;
				CLANG_WARN_OBJC_IMPLICIT_RETAIN_SELF = YES;
				CLANG_WARN_OBJC_LITERAL_CONVERSION = YES;
				CLANG_WARN_OBJC_ROOT_CLASS = YES_ERROR;
				CLANG_WARN_QUOTED_INCLUDE_IN_FRAMEWORK_HEADER = YES;
				CLANG_WARN_RANGE_LOOP_ANALYSIS = YES;
				CLANG_WARN_STRICT_PROTOTYPES = YES;
				CLANG_WARN_SUSPICIOUS_MOVE = YES;
				CLANG_WARN_UNGUARDED_AVAILABILITY = YES_AGGRESSIVE;
				CLANG_WARN_UNREACHABLE_CODE = YES;
				CLANG_WARN__DUPLICATE_METHOD_MATCH = YES;
				COPY_PHASE_STRIP = NO;
				DEBUG_INFORMATION_FORMAT = dwarf;
				ENABLE_STRICT_OBJC_MSGSEND = YES;
				ENABLE_TESTABILITY = YES;
				GCC_C_LANGUAGE_STANDARD = gnu11;
				GCC_DYNAMIC_NO_PIC = NO;
				GCC_NO_COMMON_BLOCKS = YES;
				GCC_OPTIMIZATION_LEVEL = 0;
				GCC_PREPROCESSOR_DEFINITIONS = (
					"DEBUG=1",
					"$(inherited)",
				);
				GCC_WARN_64_TO_32_BIT_CONVERSION = YES;
				GCC_WARN_ABOUT_RETURN_TYPE = YES_ERROR;
				GCC_WARN_UNDECLARED_SELECTOR = YES;
				GCC_WARN_UNINITIALIZED_AUTOS = YES_AGGRESSIVE;
				GCC_WARN_UNUSED_FUNCTION = YES;
				GCC_WARN_UNUSED_VARIABLE = YES;
				MTL_ENABLE_DEBUG_INFO = INCLUDE_SOURCE;
				MTL_FAST_MATH = YES;
				ONLY_ACTIVE_ARCH = YES;
				SWIFT_ACTIVE_COMPILATION_CONDITIONS = DEBUG;
				SWIFT_OPTIMIZATION_LEVEL = "-Onone";
			};
			name = Debug;
		};
		DBD0635F273B46690089AD4C /* Release */ = {
			isa = XCBuildConfiguration;
			buildSettings = {
				ALWAYS_SEARCH_USER_PATHS = NO;
				CLANG_ANALYZER_NONNULL = YES;
				CLANG_ANALYZER_NUMBER_OBJECT_CONVERSION = YES_AGGRESSIVE;
				CLANG_CXX_LANGUAGE_STANDARD = "gnu++17";
				CLANG_CXX_LIBRARY = "libc++";
				CLANG_ENABLE_MODULES = YES;
				CLANG_ENABLE_OBJC_ARC = YES;
				CLANG_ENABLE_OBJC_WEAK = YES;
				CLANG_WARN_BLOCK_CAPTURE_AUTORELEASING = YES;
				CLANG_WARN_BOOL_CONVERSION = YES;
				CLANG_WARN_COMMA = YES;
				CLANG_WARN_CONSTANT_CONVERSION = YES;
				CLANG_WARN_DEPRECATED_OBJC_IMPLEMENTATIONS = YES;
				CLANG_WARN_DIRECT_OBJC_ISA_USAGE = YES_ERROR;
				CLANG_WARN_DOCUMENTATION_COMMENTS = YES;
				CLANG_WARN_EMPTY_BODY = YES;
				CLANG_WARN_ENUM_CONVERSION = YES;
				CLANG_WARN_INFINITE_RECURSION = YES;
				CLANG_WARN_INT_CONVERSION = YES;
				CLANG_WARN_NON_LITERAL_NULL_CONVERSION = YES;
				CLANG_WARN_OBJC_IMPLICIT_RETAIN_SELF = YES;
				CLANG_WARN_OBJC_LITERAL_CONVERSION = YES;
				CLANG_WARN_OBJC_ROOT_CLASS = YES_ERROR;
				CLANG_WARN_QUOTED_INCLUDE_IN_FRAMEWORK_HEADER = YES;
				CLANG_WARN_RANGE_LOOP_ANALYSIS = YES;
				CLANG_WARN_STRICT_PROTOTYPES = YES;
				CLANG_WARN_SUSPICIOUS_MOVE = YES;
				CLANG_WARN_UNGUARDED_AVAILABILITY = YES_AGGRESSIVE;
				CLANG_WARN_UNREACHABLE_CODE = YES;
				CLANG_WARN__DUPLICATE_METHOD_MATCH = YES;
				COPY_PHASE_STRIP = NO;
				DEBUG_INFORMATION_FORMAT = "dwarf-with-dsym";
				ENABLE_NS_ASSERTIONS = NO;
				ENABLE_STRICT_OBJC_MSGSEND = YES;
				GCC_C_LANGUAGE_STANDARD = gnu11;
				GCC_NO_COMMON_BLOCKS = YES;
				GCC_WARN_64_TO_32_BIT_CONVERSION = YES;
				GCC_WARN_ABOUT_RETURN_TYPE = YES_ERROR;
				GCC_WARN_UNDECLARED_SELECTOR = YES;
				GCC_WARN_UNINITIALIZED_AUTOS = YES_AGGRESSIVE;
				GCC_WARN_UNUSED_FUNCTION = YES;
				GCC_WARN_UNUSED_VARIABLE = YES;
				MTL_ENABLE_DEBUG_INFO = NO;
				MTL_FAST_MATH = YES;
				SWIFT_COMPILATION_MODE = wholemodule;
				SWIFT_OPTIMIZATION_LEVEL = "-O";
			};
			name = Release;
		};
		DBD06361273B46690089AD4C /* Debug */ = {
			isa = XCBuildConfiguration;
			buildSettings = {
				ASSETCATALOG_COMPILER_APPICON_NAME = AppIcon;
				ASSETCATALOG_COMPILER_GLOBAL_ACCENT_COLOR_NAME = AccentColor;
				CODE_SIGN_STYLE = Automatic;
				CURRENT_PROJECT_VERSION = 1;
				DEVELOPMENT_TEAM = X8D85Q5275;
				ENABLE_PREVIEWS = YES;
				GENERATE_INFOPLIST_FILE = YES;
				INFOPLIST_KEY_UIApplicationSceneManifest_Generation = YES;
				INFOPLIST_KEY_UIApplicationSupportsIndirectInputEvents = YES;
				INFOPLIST_KEY_UILaunchScreen_Generation = YES;
				INFOPLIST_KEY_UISupportedInterfaceOrientations_iPad = "UIInterfaceOrientationPortrait UIInterfaceOrientationPortraitUpsideDown UIInterfaceOrientationLandscapeLeft UIInterfaceOrientationLandscapeRight";
				INFOPLIST_KEY_UISupportedInterfaceOrientations_iPhone = "UIInterfaceOrientationPortrait UIInterfaceOrientationLandscapeLeft UIInterfaceOrientationLandscapeRight";
				IPHONEOS_DEPLOYMENT_TARGET = 14.7;
				LD_RUNPATH_SEARCH_PATHS = (
					"$(inherited)",
					"@executable_path/Frameworks",
				);
				MARKETING_VERSION = 1.0;
				PRODUCT_BUNDLE_IDENTIFIER = "vow.data.international.com.Thinking-in-SwiftUI";
				PRODUCT_NAME = Thinking_in_SwiftUI;
				SDKROOT = iphoneos;
				SWIFT_EMIT_LOC_STRINGS = YES;
				SWIFT_VERSION = 5.0;
				TARGETED_DEVICE_FAMILY = "1,2";
			};
			name = Debug;
		};
		DBD06362273B46690089AD4C /* Release */ = {
			isa = XCBuildConfiguration;
			buildSettings = {
				ASSETCATALOG_COMPILER_APPICON_NAME = AppIcon;
				ASSETCATALOG_COMPILER_GLOBAL_ACCENT_COLOR_NAME = AccentColor;
				CODE_SIGN_STYLE = Automatic;
				CURRENT_PROJECT_VERSION = 1;
				DEVELOPMENT_TEAM = X8D85Q5275;
				ENABLE_PREVIEWS = YES;
				GENERATE_INFOPLIST_FILE = YES;
				INFOPLIST_KEY_UIApplicationSceneManifest_Generation = YES;
				INFOPLIST_KEY_UIApplicationSupportsIndirectInputEvents = YES;
				INFOPLIST_KEY_UILaunchScreen_Generation = YES;
				INFOPLIST_KEY_UISupportedInterfaceOrientations_iPad = "UIInterfaceOrientationPortrait UIInterfaceOrientationPortraitUpsideDown UIInterfaceOrientationLandscapeLeft UIInterfaceOrientationLandscapeRight";
				INFOPLIST_KEY_UISupportedInterfaceOrientations_iPhone = "UIInterfaceOrientationPortrait UIInterfaceOrientationLandscapeLeft UIInterfaceOrientationLandscapeRight";
				IPHONEOS_DEPLOYMENT_TARGET = 14.7;
				LD_RUNPATH_SEARCH_PATHS = (
					"$(inherited)",
					"@executable_path/Frameworks",
				);
				MARKETING_VERSION = 1.0;
				PRODUCT_BUNDLE_IDENTIFIER = "vow.data.international.com.Thinking-in-SwiftUI";
				PRODUCT_NAME = Thinking_in_SwiftUI;
				SDKROOT = iphoneos;
				SWIFT_EMIT_LOC_STRINGS = YES;
				SWIFT_VERSION = 5.0;
				TARGETED_DEVICE_FAMILY = "1,2";
				VALIDATE_PRODUCT = YES;
			};
			name = Release;
		};
		DBD06364273B46690089AD4C /* Debug */ = {
			isa = XCBuildConfiguration;
			buildSettings = {
				ASSETCATALOG_COMPILER_APPICON_NAME = AppIcon;
				ASSETCATALOG_COMPILER_GLOBAL_ACCENT_COLOR_NAME = AccentColor;
				CODE_SIGN_ENTITLEMENTS = macOS/macOS.entitlements;
				CODE_SIGN_STYLE = Automatic;
				COMBINE_HIDPI_IMAGES = YES;
				CURRENT_PROJECT_VERSION = 1;
				DEVELOPMENT_TEAM = X8D85Q5275;
				ENABLE_HARDENED_RUNTIME = YES;
				ENABLE_PREVIEWS = YES;
				GENERATE_INFOPLIST_FILE = YES;
				INFOPLIST_KEY_NSHumanReadableCopyright = "";
				LD_RUNPATH_SEARCH_PATHS = (
					"$(inherited)",
					"@executable_path/../Frameworks",
				);
				MACOSX_DEPLOYMENT_TARGET = 11.5;
				MARKETING_VERSION = 1.0;
				PRODUCT_BUNDLE_IDENTIFIER = "vow.data.international.com.Thinking-in-SwiftUI";
				PRODUCT_NAME = Thinking_in_SwiftUI;
				SDKROOT = macosx;
				SWIFT_EMIT_LOC_STRINGS = YES;
				SWIFT_VERSION = 5.0;
			};
			name = Debug;
		};
		DBD06365273B46690089AD4C /* Release */ = {
			isa = XCBuildConfiguration;
			buildSettings = {
				ASSETCATALOG_COMPILER_APPICON_NAME = AppIcon;
				ASSETCATALOG_COMPILER_GLOBAL_ACCENT_COLOR_NAME = AccentColor;
				CODE_SIGN_ENTITLEMENTS = macOS/macOS.entitlements;
				CODE_SIGN_STYLE = Automatic;
				COMBINE_HIDPI_IMAGES = YES;
				CURRENT_PROJECT_VERSION = 1;
				DEVELOPMENT_TEAM = X8D85Q5275;
				ENABLE_HARDENED_RUNTIME = YES;
				ENABLE_PREVIEWS = YES;
				GENERATE_INFOPLIST_FILE = YES;
				INFOPLIST_KEY_NSHumanReadableCopyright = "";
				LD_RUNPATH_SEARCH_PATHS = (
					"$(inherited)",
					"@executable_path/../Frameworks",
				);
				MACOSX_DEPLOYMENT_TARGET = 11.5;
				MARKETING_VERSION = 1.0;
				PRODUCT_BUNDLE_IDENTIFIER = "vow.data.international.com.Thinking-in-SwiftUI";
				PRODUCT_NAME = Thinking_in_SwiftUI;
				SDKROOT = macosx;
				SWIFT_EMIT_LOC_STRINGS = YES;
				SWIFT_VERSION = 5.0;
			};
			name = Release;
		};
		DBD06367273B46690089AD4C /* Debug */ = {
			isa = XCBuildConfiguration;
			buildSettings = {
				ALWAYS_EMBED_SWIFT_STANDARD_LIBRARIES = YES;
				CODE_SIGN_STYLE = Automatic;
				CURRENT_PROJECT_VERSION = 1;
				DEVELOPMENT_TEAM = X8D85Q5275;
				GENERATE_INFOPLIST_FILE = YES;
				IPHONEOS_DEPLOYMENT_TARGET = 15.2;
				MARKETING_VERSION = 1.0;
				PRODUCT_BUNDLE_IDENTIFIER = "vow.data.international.com.Tests-iOS";
				PRODUCT_NAME = "$(TARGET_NAME)";
				SDKROOT = iphoneos;
				SWIFT_EMIT_LOC_STRINGS = NO;
				SWIFT_VERSION = 5.0;
				TARGETED_DEVICE_FAMILY = "1,2";
				TEST_TARGET_NAME = "Thinking_in_SwiftUI (iOS)";
			};
			name = Debug;
		};
		DBD06368273B46690089AD4C /* Release */ = {
			isa = XCBuildConfiguration;
			buildSettings = {
				ALWAYS_EMBED_SWIFT_STANDARD_LIBRARIES = YES;
				CODE_SIGN_STYLE = Automatic;
				CURRENT_PROJECT_VERSION = 1;
				DEVELOPMENT_TEAM = X8D85Q5275;
				GENERATE_INFOPLIST_FILE = YES;
				IPHONEOS_DEPLOYMENT_TARGET = 15.2;
				MARKETING_VERSION = 1.0;
				PRODUCT_BUNDLE_IDENTIFIER = "vow.data.international.com.Tests-iOS";
				PRODUCT_NAME = "$(TARGET_NAME)";
				SDKROOT = iphoneos;
				SWIFT_EMIT_LOC_STRINGS = NO;
				SWIFT_VERSION = 5.0;
				TARGETED_DEVICE_FAMILY = "1,2";
				TEST_TARGET_NAME = "Thinking_in_SwiftUI (iOS)";
				VALIDATE_PRODUCT = YES;
			};
			name = Release;
		};
		DBD0636A273B46690089AD4C /* Debug */ = {
			isa = XCBuildConfiguration;
			buildSettings = {
				ALWAYS_EMBED_SWIFT_STANDARD_LIBRARIES = YES;
				CODE_SIGN_STYLE = Automatic;
				CURRENT_PROJECT_VERSION = 1;
				DEVELOPMENT_TEAM = X8D85Q5275;
				GENERATE_INFOPLIST_FILE = YES;
				MACOSX_DEPLOYMENT_TARGET = 11.5;
				MARKETING_VERSION = 1.0;
				PRODUCT_BUNDLE_IDENTIFIER = "vow.data.international.com.Tests-macOS";
				PRODUCT_NAME = "$(TARGET_NAME)";
				SDKROOT = macosx;
				SWIFT_EMIT_LOC_STRINGS = NO;
				SWIFT_VERSION = 5.0;
				TEST_TARGET_NAME = "Thinking_in_SwiftUI (macOS)";
			};
			name = Debug;
		};
		DBD0636B273B46690089AD4C /* Release */ = {
			isa = XCBuildConfiguration;
			buildSettings = {
				ALWAYS_EMBED_SWIFT_STANDARD_LIBRARIES = YES;
				CODE_SIGN_STYLE = Automatic;
				CURRENT_PROJECT_VERSION = 1;
				DEVELOPMENT_TEAM = X8D85Q5275;
				GENERATE_INFOPLIST_FILE = YES;
				MACOSX_DEPLOYMENT_TARGET = 11.5;
				MARKETING_VERSION = 1.0;
				PRODUCT_BUNDLE_IDENTIFIER = "vow.data.international.com.Tests-macOS";
				PRODUCT_NAME = "$(TARGET_NAME)";
				SDKROOT = macosx;
				SWIFT_EMIT_LOC_STRINGS = NO;
				SWIFT_VERSION = 5.0;
				TEST_TARGET_NAME = "Thinking_in_SwiftUI (macOS)";
			};
			name = Release;
		};
/* End XCBuildConfiguration section */

/* Begin XCConfigurationList section */
		DBD0632E273B46680089AD4C /* Build configuration list for PBXProject "Thinking_in_SwiftUI" */ = {
			isa = XCConfigurationList;
			buildConfigurations = (
				DBD0635E273B46690089AD4C /* Debug */,
				DBD0635F273B46690089AD4C /* Release */,
			);
			defaultConfigurationIsVisible = 0;
			defaultConfigurationName = Release;
		};
		DBD06360273B46690089AD4C /* Build configuration list for PBXNativeTarget "Thinking_in_SwiftUI (iOS)" */ = {
			isa = XCConfigurationList;
			buildConfigurations = (
				DBD06361273B46690089AD4C /* Debug */,
				DBD06362273B46690089AD4C /* Release */,
			);
			defaultConfigurationIsVisible = 0;
			defaultConfigurationName = Release;
		};
		DBD06363273B46690089AD4C /* Build configuration list for PBXNativeTarget "Thinking_in_SwiftUI (macOS)" */ = {
			isa = XCConfigurationList;
			buildConfigurations = (
				DBD06364273B46690089AD4C /* Debug */,
				DBD06365273B46690089AD4C /* Release */,
			);
			defaultConfigurationIsVisible = 0;
			defaultConfigurationName = Release;
		};
		DBD06366273B46690089AD4C /* Build configuration list for PBXNativeTarget "Tests iOS" */ = {
			isa = XCConfigurationList;
			buildConfigurations = (
				DBD06367273B46690089AD4C /* Debug */,
				DBD06368273B46690089AD4C /* Release */,
			);
			defaultConfigurationIsVisible = 0;
			defaultConfigurationName = Release;
		};
		DBD06369273B46690089AD4C /* Build configuration list for PBXNativeTarget "Tests macOS" */ = {
			isa = XCConfigurationList;
			buildConfigurations = (
				DBD0636A273B46690089AD4C /* Debug */,
				DBD0636B273B46690089AD4C /* Release */,
			);
			defaultConfigurationIsVisible = 0;
			defaultConfigurationName = Release;
		};
/* End XCConfigurationList section */
	};
	rootObject = DBD0632B273B46680089AD4C /* Project object */;
}
